
Microsoft Visual Studio Solution File, Format Version 12.00
# Visual Studio Version 17
VisualStudioVersion = 17.3.32929.385
MinimumVisualStudioVersion = 10.0.40219.1
Project("{FAE04EC0-301F-11D3-BF4B-00C04F79EFBC}") = "City_Vibe", "City_Vibe\City_Vibe.csproj", "{C43833A7-F92D-4EA4-BC12-EC636E0FF9FC}"
EndProject
Global
	GlobalSection(SolutionConfigurationPlatforms) = preSolution
		Debug|Any CPU = Debug|Any CPU
		Release|Any CPU = Release|Any CPU
	EndGlobalSection
	GlobalSection(ProjectConfigurationPlatforms) = postSolution
		{C43833A7-F92D-4EA4-BC12-EC636E0FF9FC}.Debug|Any CPU.ActiveCfg = Debug|Any CPU
		{C43833A7-F92D-4EA4-BC12-EC636E0FF9FC}.Debug|Any CPU.Build.0 = Debug|Any CPU
		{C43833A7-F92D-4EA4-BC12-EC636E0FF9FC}.Release|Any CPU.ActiveCfg = Release|Any CPU
		{C43833A7-F92D-4EA4-BC12-EC636E0FF9FC}.Release|Any CPU.Build.0 = Release|Any CPU
	EndGlobalSection
	GlobalSection(SolutionProperties) = preSolution
		HideSolutionNode = FALSE
	EndGlobalSection
	GlobalSection(ExtensibilityGlobals) = postSolution
		SolutionGuid = {DB47BA58-0B3D-46BE-838E-CB0D5F0421F2}
	EndGlobalSection
EndGlobal
